
Microsoft Visual Studio Solution File, Format Version 12.00
# Visual Studio Version 16
VisualStudioVersion = 16.0.31112.23
MinimumVisualStudioVersion = 10.0.40219.1
Project("{FAE04EC0-301F-11D3-BF4B-00C04F79EFBC}") = "TodoWeb", "TodoWeb\TodoWeb.csproj", "{F7143965-0D59-4079-B9A8-D5A8E4424A07}"
EndProject
Global
	GlobalSection(SolutionConfigurationPlatforms) = preSolution
		Debug|Any CPU = Debug|Any CPU
		Release|Any CPU = Release|Any CPU
	EndGlobalSection
	GlobalSection(ProjectConfigurationPlatforms) = postSolution
		{F7143965-0D59-4079-B9A8-D5A8E4424A07}.Debug|Any CPU.ActiveCfg = Debug|Any CPU
		{F7143965-0D59-4079-B9A8-D5A8E4424A07}.Debug|Any CPU.Build.0 = Debug|Any CPU
		{F7143965-0D59-4079-B9A8-D5A8E4424A07}.Release|Any CPU.ActiveCfg = Release|Any CPU
		{F7143965-0D59-4079-B9A8-D5A8E4424A07}.Release|Any CPU.Build.0 = Release|Any CPU
	EndGlobalSection
	GlobalSection(SolutionProperties) = preSolution
		HideSolutionNode = FALSE
	EndGlobalSection
	GlobalSection(ExtensibilityGlobals) = postSolution
		SolutionGuid = {39261F84-6CA8-4178-9510-CB9050C7BE90}
	EndGlobalSection
EndGlobal
